// !$*UTF8*$!
{
	archiveVersion = 1;
	classes = {
	};
	objectVersion = 77;
	objects = {

/* Begin PBXContainerItemProxy section */
		494376D82FF38E8900EB832E /* PBXContainerItemProxy */ = {
			isa = PBXContainerItemProxy;
			containerPortal = 494376C22FF38E8600EB832E /* Project object */;
			proxyType = 1;
			remoteGlobalIDString = 494376C92FF38E8600EB832E;
			remoteInfo = "kurukuru-obake_v3";
		};
		494376E22FF38E8900EB832E /* PBXContainerItemProxy */ = {
			isa = PBXContainerItemProxy;
			containerPortal = 494376C22FF38E8600EB832E /* Project object */;
			proxyType = 1;
			remoteGlobalIDString = 494376C92FF38E8600EB832E;
			remoteInfo = "kurukuru-obake_v3";
		};
/* End PBXContainerItemProxy section */

/* Begin PBXFileReference section */
		494376CA2FF38E8600EB832E /* kurukuru-obake_v3.app */ = {isa = PBXFileReference; explicitFileType = wrapper.application; includeInIndex = 0; path = "kurukuru-obake_v3.app"; sourceTree = BUILT_PRODUCTS_DIR; };
		494376D72FF38E8900EB832E /* kurukuru-obake_v3Tests.xctest */ = {isa = PBXFileReference; explicitFileType = wrapper.cfbundle; includeInIndex = 0; path = "kurukuru-obake_v3Tests.xctest"; sourceTree = BUILT_PRODUCTS_DIR; };
		494376E12FF38E8900EB832E /* kurukuru-obake_v3UITests.xctest */ = {isa = PBXFileReference; explicitFileType = wrapper.cfbundle; includeInIndex = 0; path = "kurukuru-obake_v3UITests.xctest"; sourceTree = BUILT_PRODUCTS_DIR; };
/* End PBXFileReference section */

/* Begin PBXFileSystemSynchronizedRootGroup section */
		494376CC2FF38E8600EB832E /* kurukuru-obake_v3 */ = {
			isa = PBXFileSystemSynchronizedRootGroup;
			path = "kurukuru-obake_v3";
			sourceTree = "<group>";
		};
		494376DA2FF38E8900EB832E /* kurukuru-obake_v3Tests */ = {
			isa = PBXFileSystemSynchronizedRootGroup;
			path = "kurukuru-obake_v3Tests";
			sourceTree = "<group>";
		};
		494376E42FF38E8900EB832E /* kurukuru-obake_v3UITests */ = {
			isa = PBXFileSystemSynchronizedRootGroup;
			path = "kurukuru-obake_v3UITests";
			sourceTree = "<group>";
		};
/* End PBXFileSystemSynchronizedRootGroup section */

/* Begin PBXFrameworksBuildPhase section */
		494376C72FF38E8600EB832E /* Frameworks */ = {
			isa = PBXFrameworksBuildPhase;
			buildActionMask = 2147483647;
			files = (
			);
			runOnlyForDeploymentPostprocessing = 0;
		};
		494376D42FF38E8900EB832E /* Frameworks */ = {
			isa = PBXFrameworksBuildPhase;
			buildActionMask = 2147483647;
			files = (
			);
			runOnlyForDeploymentPostprocessing = 0;
		};
		494376DE2FF38E8900EB832E /* Frameworks */ = {
			isa = PBXFrameworksBuildPhase;
			buildActionMask = 2147483647;
			files = (
			);
			runOnlyForDeploymentPostprocessing = 0;
		};
/* End PBXFrameworksBuildPhase section */

/* Begin PBXGroup section */
		494376C12FF38E8600EB832E = {
			isa = PBXGroup;
			children = (
				494376CC2FF38E8600EB832E /* kurukuru-obake_v3 */,
				494376DA2FF38E8900EB832E /* kurukuru-obake_v3Tests */,
				494376E42FF38E8900EB832E /* kurukuru-obake_v3UITests */,
				494376CB2FF38E8600EB832E /* Products */,
			);
			sourceTree = "<group>";
		};
		494376CB2FF38E8600EB832E /* Products */ = {
			isa = PBXGroup;
			children = (
				494376CA2FF38E8600EB832E /* kurukuru-obake_v3.app */,
				494376D72FF38E8900EB832E /* kurukuru-obake_v3Tests.xctest */,
				494376E12FF38E8900EB832E /* kurukuru-obake_v3UITests.xctest */,
			);
			name = Products;
			sourceTree = "<group>";
		};
/* End PBXGroup section */

/* Begin PBXNativeTarget section */
		494376C92FF38E8600EB832E /* kurukuru-obake_v3 */ = {
			isa = PBXNativeTarget;
			buildConfigurationList = 494376EB2FF38E8900EB832E /* Build configuration list for PBXNativeTarget "kurukuru-obake_v3" */;
			buildPhases = (
				494376C62FF38E8600EB832E /* Sources */,
				494376C72FF38E8600EB832E /* Frameworks */,
				494376C82FF38E8600EB832E /* Resources */,
			);
			buildRules = (
			);
			dependencies = (
			);
			fileSystemSynchronizedGroups = (
				494376CC2FF38E8600EB832E /* kurukuru-obake_v3 */,
			);
			name = "kurukuru-obake_v3";
			packageProductDependencies = (
			);
			productName = "kurukuru-obake_v3";
			productReference = 494376CA2FF38E8600EB832E /* kurukuru-obake_v3.app */;
			productType = "com.apple.product-type.application";
		};
		494376D62FF38E8900EB832E /* kurukuru-obake_v3Tests */ = {
			isa = PBXNativeTarget;
			buildConfigurationList = 494376EE2FF38E8900EB832E /* Build configuration list for PBXNativeTarget "kurukuru-obake_v3Tests" */;
			buildPhases = (
				494376D32FF38E8900EB832E /* Sources */,
				494376D42FF38E8900EB832E /* Frameworks */,
				494376D52FF38E8900EB832E /* Resources */,
			);
			buildRules = (
			);
			dependencies = (
				494376D92FF38E8900EB832E /* PBXTargetDependency */,
			);
			fileSystemSynchronizedGroups = (
				494376DA2FF38E8900EB832E /* kurukuru-obake_v3Tests */,
			);
			name = "kurukuru-obake_v3Tests";
			packageProductDependencies = (
			);
			productName = "kurukuru-obake_v3Tests";
			productReference = 494376D72FF38E8900EB832E /* kurukuru-obake_v3Tests.xctest */;
			productType = "com.apple.product-type.bundle.unit-test";
		};
		494376E02FF38E8900EB832E /* kurukuru-obake_v3UITests */ = {
			isa = PBXNativeTarget;
			buildConfigurationList = 494376F12FF38E8900EB832E /* Build configuration list for PBXNativeTarget "kurukuru-obake_v3UITests" */;
			buildPhases = (
				494376DD2FF38E8900EB832E /* Sources */,
				494376DE2FF38E8900EB832E /* Frameworks */,
				494376DF2FF38E8900EB832E /* Resources */,
			);
			buildRules = (
			);
			dependencies = (
				494376E32FF38E8900EB832E /* PBXTargetDependency */,
			);
			fileSystemSynchronizedGroups = (
				494376E42FF38E8900EB832E /* kurukuru-obake_v3UITests */,
			);
			name = "kurukuru-obake_v3UITests";
			packageProductDependencies = (
			);
			productName = "kurukuru-obake_v3UITests";
			productReference = 494376E12FF38E8900EB832E /* kurukuru-obake_v3UITests.xctest */;
			productType = "com.apple.product-type.bundle.ui-testing";
		};
/* End PBXNativeTarget section */

/* Begin PBXProject section */
		494376C22FF38E8600EB832E /* Project object */ = {
			isa = PBXProject;
			attributes = {
				BuildIndependentTargetsInParallel = 1;
				LastSwiftUpdateCheck = 2620;
				LastUpgradeCheck = 2620;
				TargetAttributes = {
					494376C92FF38E8600EB832E = {
						CreatedOnToolsVersion = 26.2;
					};
					494376D62FF38E8900EB832E = {
						CreatedOnToolsVersion = 26.2;
						TestTargetID = 494376C92FF38E8600EB832E;
					};
					494376E02FF38E8900EB832E = {
						CreatedOnToolsVersion = 26.2;
						TestTargetID = 494376C92FF38E8600EB832E;
					};
				};
			};
			buildConfigurationList = 494376C52FF38E8600EB832E /* Build configuration list for PBXProject "kurukuru-obake_v3" */;
			developmentRegion = en;
			hasScannedForEncodings = 0;
			knownRegions = (
				en,
				Base,
			);
			mainGroup = 494376C12FF38E8600EB832E;
			minimizedProjectReferenceProxies = 1;
			preferredProjectObjectVersion = 77;
			productRefGroup = 494376CB2FF38E8600EB832E /* Products */;
			projectDirPath = "";
			projectRoot = "";
			targets = (
				494376C92FF38E8600EB832E /* kurukuru-obake_v3 */,
				494376D62FF38E8900EB832E /* kurukuru-obake_v3Tests */,
				494376E02FF38E8900EB832E /* kurukuru-obake_v3UITests */,
			);
		};
/* End PBXProject section */

/* Begin PBXResourcesBuildPhase section */
		494376C82FF38E8600EB832E /* Resources */ = {
			isa = PBXResourcesBuildPhase;
			buildActionMask = 2147483647;
			files = (
			);
			runOnlyForDeploymentPostprocessing = 0;
		};
		494376D52FF38E8900EB832E /* Resources */ = {
			isa = PBXResourcesBuildPhase;
			buildActionMask = 2147483647;
			files = (
			);
			runOnlyForDeploymentPostprocessing = 0;
		};
		494376DF2FF38E8900EB832E /* Resources */ = {
			isa = PBXResourcesBuildPhase;
			buildActionMask = 2147483647;
			files = (
			);
			runOnlyForDeploymentPostprocessing = 0;
		};
/* End PBXResourcesBuildPhase section */

/* Begin PBXSourcesBuildPhase section */
		494376C62FF38E8600EB832E /* Sources */ = {
			isa = PBXSourcesBuildPhase;
			buildActionMask = 2147483647;
			files = (
			);
			runOnlyForDeploymentPostprocessing = 0;
		};
		494376D32FF38E8900EB832E /* Sources */ = {
			isa = PBXSourcesBuildPhase;
			buildActionMask = 2147483647;
			files = (
			);
			runOnlyForDeploymentPostprocessing = 0;
		};
		494376DD2FF38E8900EB832E /* Sources */ = {
			isa = PBXSourcesBuildPhase;
			buildActionMask = 2147483647;
			files = (
			);
			runOnlyForDeploymentPostprocessing = 0;
		};
/* End PBXSourcesBuildPhase section */

/* Begin PBXTargetDependency section */
		494376D92FF38E8900EB832E /* PBXTargetDependency */ = {
			isa = PBXTargetDependency;
			target = 494376C92FF38E8600EB832E /* kurukuru-obake_v3 */;
			targetProxy = 494376D82FF38E8900EB832E /* PBXContainerItemProxy */;
		};
		494376E32FF38E8900EB832E /* PBXTargetDependency */ = {
			isa = PBXTargetDependency;
			target = 494376C92FF38E8600EB832E /* kurukuru-obake_v3 */;
			targetProxy = 494376E22FF38E8900EB832E /* PBXContainerItemProxy */;
		};
/* End PBXTargetDependency section */

/* Begin XCBuildConfiguration section */
		494376E92FF38E8900EB832E /* Debug */ = {
			isa = XCBuildConfiguration;
			buildSettings = {
				ALWAYS_SEARCH_USER_PATHS = NO;
				ASSETCATALOG_COMPILER_GENERATE_SWIFT_ASSET_SYMBOL_EXTENSIONS = YES;
				CLANG_ANALYZER_NONNULL = YES;
				CLANG_ANALYZER_NUMBER_OBJECT_CONVERSION = YES_AGGRESSIVE;
				CLANG_CXX_LANGUAGE_STANDARD = "gnu++20";
				CLANG_ENABLE_MODULES = YES;
				CLANG_ENABLE_OBJC_ARC = YES;
				CLANG_ENABLE_OBJC_WEAK = YES;
				CLANG_WARN_BLOCK_CAPTURE_AUTORELEASING = YES;
				CLANG_WARN_BOOL_CONVERSION = YES;
				CLANG_WARN_COMMA = YES;
				CLANG_WARN_CONSTANT_CONVERSION = YES;
				CLANG_WARN_DEPRECATED_OBJC_IMPLEMENTATIONS = YES;
				CLANG_WARN_DIRECT_OBJC_ISA_USAGE = YES_ERROR;
				CLANG_WARN_DOCUMENTATION_COMMENTS = YES;
				CLANG_WARN_EMPTY_BODY = YES;
				CLANG_WARN_ENUM_CONVERSION = YES;
				CLANG_WARN_INFINITE_RECURSION = YES;
				CLANG_WARN_INT_CONVERSION = YES;
				CLANG_WARN_NON_LITERAL_NULL_CONVERSION = YES;
				CLANG_WARN_OBJC_IMPLICIT_RETAIN_SELF = YES;
				CLANG_WARN_OBJC_LITERAL_CONVERSION = YES;
				CLANG_WARN_OBJC_ROOT_CLASS = YES_ERROR;
				CLANG_WARN_QUOTED_INCLUDE_IN_FRAMEWORK_HEADER = YES;
				CLANG_WARN_RANGE_LOOP_ANALYSIS = YES;
				CLANG_WARN_STRICT_PROTOTYPES = YES;
				CLANG_WARN_SUSPICIOUS_MOVE = YES;
				CLANG_WARN_UNGUARDED_AVAILABILITY = YES_AGGRESSIVE;
				CLANG_WARN_UNREACHABLE_CODE = YES;
				CLANG_WARN__DUPLICATE_METHOD_MATCH = YES;
				COPY_PHASE_STRIP = NO;
				DEBUG_INFORMATION_FORMAT = dwarf;
				DEVELOPMENT_TEAM = 8FWHP6C345;
				ENABLE_STRICT_OBJC_MSGSEND = YES;
				ENABLE_TESTABILITY = YES;
				ENABLE_USER_SCRIPT_SANDBOXING = YES;
				GCC_C_LANGUAGE_STANDARD = gnu17;
				GCC_DYNAMIC_NO_PIC = NO;
				GCC_NO_COMMON_BLOCKS = YES;
				GCC_OPTIMIZATION_LEVEL = 0;
				GCC_PREPROCESSOR_DEFINITIONS = (
					"DEBUG=1",
					"$(inherited)",
				);
				GCC_WARN_64_TO_32_BIT_CONVERSION = YES;
				GCC_WARN_ABOUT_RETURN_TYPE = YES_ERROR;
				GCC_WARN_UNDECLARED_SELECTOR = YES;
				GCC_WARN_UNINITIALIZED_AUTOS = YES_AGGRESSIVE;
				GCC_WARN_UNUSED_FUNCTION = YES;
				GCC_WARN_UNUSED_VARIABLE = YES;
				IPHONEOS_DEPLOYMENT_TARGET = 26.2;
				LOCALIZATION_PREFERS_STRING_CATALOGS = YES;
				MTL_ENABLE_DEBUG_INFO = INCLUDE_SOURCE;
				MTL_FAST_MATH = YES;
				ONLY_ACTIVE_ARCH = YES;
				SDKROOT = iphoneos;
				SWIFT_ACTIVE_COMPILATION_CONDITIONS = "DEBUG $(inherited)";
				SWIFT_OPTIMIZATION_LEVEL = "-Onone";
			};
			name = Debug;
		};
		494376EA2FF38E8900EB832E /* Release */ = {
			isa = XCBuildConfiguration;
			buildSettings = {
				ALWAYS_SEARCH_USER_PATHS = NO;
				ASSETCATALOG_COMPILER_GENERATE_SWIFT_ASSET_SYMBOL_EXTENSIONS = YES;
				CLANG_ANALYZER_NONNULL = YES;
				CLANG_ANALYZER_NUMBER_OBJECT_CONVERSION = YES_AGGRESSIVE;
				CLANG_CXX_LANGUAGE_STANDARD = "gnu++20";
				CLANG_ENABLE_MODULES = YES;
				CLANG_ENABLE_OBJC_ARC = YES;
				CLANG_ENABLE_OBJC_WEAK = YES;
				CLANG_WARN_BLOCK_CAPTURE_AUTORELEASING = YES;
				CLANG_WARN_BOOL_CONVERSION = YES;
				CLANG_WARN_COMMA = YES;
				CLANG_WARN_CONSTANT_CONVERSION = YES;
				CLANG_WARN_DEPRECATED_OBJC_IMPLEMENTATIONS = YES;
				CLANG_WARN_DIRECT_OBJC_ISA_USAGE = YES_ERROR;
				CLANG_WARN_DOCUMENTATION_COMMENTS = YES;
				CLANG_WARN_EMPTY_BODY = YES;
				CLANG_WARN_ENUM_CONVERSION = YES;
				CLANG_WARN_INFINITE_RECURSION = YES;
				CLANG_WARN_INT_CONVERSION = YES;
				CLANG_WARN_NON_LITERAL_NULL_CONVERSION = YES;
				CLANG_WARN_OBJC_IMPLICIT_RETAIN_SELF = YES;
				CLANG_WARN_OBJC_LITERAL_CONVERSION = YES;
				CLANG_WARN_OBJC_ROOT_CLASS = YES_ERROR;
				CLANG_WARN_QUOTED_INCLUDE_IN_FRAMEWORK_HEADER = YES;
				CLANG_WARN_RANGE_LOOP_ANALYSIS = YES;
				CLANG_WARN_STRICT_PROTOTYPES = YES;
				CLANG_WARN_SUSPICIOUS_MOVE = YES;
				CLANG_WARN_UNGUARDED_AVAILABILITY = YES_AGGRESSIVE;
				CLANG_WARN_UNREACHABLE_CODE = YES;
				CLANG_WARN__DUPLICATE_METHOD_MATCH = YES;
				COPY_PHASE_STRIP = NO;
				DEBUG_INFORMATION_FORMAT = "dwarf-with-dsym";
				DEVELOPMENT_TEAM = 8FWHP6C345;
				ENABLE_NS_ASSERTIONS = NO;
				ENABLE_STRICT_OBJC_MSGSEND = YES;
				ENABLE_USER_SCRIPT_SANDBOXING = YES;
				GCC_C_LANGUAGE_STANDARD = gnu17;
				GCC_NO_COMMON_BLOCKS = YES;
				GCC_WARN_64_TO_32_BIT_CONVERSION = YES;
				GCC_WARN_ABOUT_RETURN_TYPE = YES_ERROR;
				GCC_WARN_UNDECLARED_SELECTOR = YES;
				GCC_WARN_UNINITIALIZED_AUTOS = YES_AGGRESSIVE;
				GCC_WARN_UNUSED_FUNCTION = YES;
				GCC_WARN_UNUSED_VARIABLE = YES;
				IPHONEOS_DEPLOYMENT_TARGET = 26.2;
				LOCALIZATION_PREFERS_STRING_CATALOGS = YES;
				MTL_ENABLE_DEBUG_INFO = NO;
				MTL_FAST_MATH = YES;
				SDKROOT = iphoneos;
				SWIFT_COMPILATION_MODE = wholemodule;
				VALIDATE_PRODUCT = YES;
			};
			name = Release;
		};
		494376EC2FF38E8900EB832E /* Debug */ = {
			isa = XCBuildConfiguration;
			buildSettings = {
				ASSETCATALOG_COMPILER_APPICON_NAME = AppIcon;
				ASSETCATALOG_COMPILER_GLOBAL_ACCENT_COLOR_NAME = AccentColor;
				CODE_SIGN_STYLE = Automatic;
				CURRENT_PROJECT_VERSION = 1;
				DEVELOPMENT_TEAM = 8FWHP6C345;
				ENABLE_PREVIEWS = YES;
				GENERATE_INFOPLIST_FILE = YES;
				INFOPLIST_KEY_UIApplicationSceneManifest_Generation = YES;
				INFOPLIST_KEY_UIApplicationSupportsIndirectInputEvents = YES;
				INFOPLIST_KEY_UILaunchScreen_Generation = YES;
				INFOPLIST_KEY_UISupportedInterfaceOrientations_iPad = "UIInterfaceOrientationPortrait UIInterfaceOrientationPortraitUpsideDown UIInterfaceOrientationLandscapeLeft UIInterfaceOrientationLandscapeRight";
				INFOPLIST_KEY_UISupportedInterfaceOrientations_iPhone = "UIInterfaceOrientationPortrait UIInterfaceOrientationLandscapeLeft UIInterfaceOrientationLandscapeRight";
				LD_RUNPATH_SEARCH_PATHS = (
					"$(inherited)",
					"@executable_path/Frameworks",
				);
				MARKETING_VERSION = 1.0;
				PRODUCT_BUNDLE_IDENTIFIER = "com.kurukuru-obake.kurukuru-obake-v3";
				PRODUCT_NAME = "$(TARGET_NAME)";
				STRING_CATALOG_GENERATE_SYMBOLS = YES;
				SWIFT_APPROACHABLE_CONCURRENCY = YES;
				SWIFT_DEFAULT_ACTOR_ISOLATION = MainActor;
				SWIFT_EMIT_LOC_STRINGS = YES;
				SWIFT_UPCOMING_FEATURE_MEMBER_IMPORT_VISIBILITY = YES;
				SWIFT_VERSION = 5.0;
				TARGETED_DEVICE_FAMILY = "1,2";
			};
			name = Debug;
		};
		494376ED2FF38E8900EB832E /* Release */ = {
			isa = XCBuildConfiguration;
			buildSettings = {
				ASSETCATALOG_COMPILER_APPICON_NAME = AppIcon;
				ASSETCATALOG_COMPILER_GLOBAL_ACCENT_COLOR_NAME = AccentColor;
				CODE_SIGN_STYLE = Automatic;
				CURRENT_PROJECT_VERSION = 1;
				DEVELOPMENT_TEAM = 8FWHP6C345;
				ENABLE_PREVIEWS = YES;
				GENERATE_INFOPLIST_FILE = YES;
				INFOPLIST_KEY_UIApplicationSceneManifest_Generation = YES;
				INFOPLIST_KEY_UIApplicationSupportsIndirectInputEvents = YES;
				INFOPLIST_KEY_UILaunchScreen_Generation = YES;
				INFOPLIST_KEY_UISupportedInterfaceOrientations_iPad = "UIInterfaceOrientationPortrait UIInterfaceOrientationPortraitUpsideDown UIInterfaceOrientationLandscapeLeft UIInterfaceOrientationLandscapeRight";
				INFOPLIST_KEY_UISupportedInterfaceOrientations_iPhone = "UIInterfaceOrientationPortrait UIInterfaceOrientationLandscapeLeft UIInterfaceOrientationLandscapeRight";
				LD_RUNPATH_SEARCH_PATHS = (
					"$(inherited)",
					"@executable_path/Frameworks",
				);
				MARKETING_VERSION = 1.0;
				PRODUCT_BUNDLE_IDENTIFIER = "com.kurukuru-obake.kurukuru-obake-v3";
				PRODUCT_NAME = "$(TARGET_NAME)";
				STRING_CATALOG_GENERATE_SYMBOLS = YES;
				SWIFT_APPROACHABLE_CONCURRENCY = YES;
				SWIFT_DEFAULT_ACTOR_ISOLATION = MainActor;
				SWIFT_EMIT_LOC_STRINGS = YES;
				SWIFT_UPCOMING_FEATURE_MEMBER_IMPORT_VISIBILITY = YES;
				SWIFT_VERSION = 5.0;
				TARGETED_DEVICE_FAMILY = "1,2";
			};
			name = Release;
		};
		494376EF2FF38E8900EB832E /* Debug */ = {
			isa = XCBuildConfiguration;
			buildSettings = {
				BUNDLE_LOADER = "$(TEST_HOST)";
				CODE_SIGN_STYLE = Automatic;
				CURRENT_PROJECT_VERSION = 1;
				DEVELOPMENT_TEAM = 8FWHP6C345;
				GENERATE_INFOPLIST_FILE = YES;
				IPHONEOS_DEPLOYMENT_TARGET = 26.2;
				MARKETING_VERSION = 1.0;
				PRODUCT_BUNDLE_IDENTIFIER = "com.kurukuru-obake.kurukuru-obake-v3Tests";
				PRODUCT_NAME = "$(TARGET_NAME)";
				STRING_CATALOG_GENERATE_SYMBOLS = NO;
				SWIFT_APPROACHABLE_CONCURRENCY = YES;
				SWIFT_EMIT_LOC_STRINGS = NO;
				SWIFT_UPCOMING_FEATURE_MEMBER_IMPORT_VISIBILITY = YES;
				SWIFT_VERSION = 5.0;
				TARGETED_DEVICE_FAMILY = "1,2";
				TEST_HOST = "$(BUILT_PRODUCTS_DIR)/kurukuru-obake_v3.app/$(BUNDLE_EXECUTABLE_FOLDER_PATH)/kurukuru-obake_v3";
			};
			name = Debug;
		};
		494376F02FF38E8900EB832E /* Release */ = {
			isa = XCBuildConfiguration;
			buildSettings = {
				BUNDLE_LOADER = "$(TEST_HOST)";
				CODE_SIGN_STYLE = Automatic;
				CURRENT_PROJECT_VERSION = 1;
				DEVELOPMENT_TEAM = 8FWHP6C345;
				GENERATE_INFOPLIST_FILE = YES;
				IPHONEOS_DEPLOYMENT_TARGET = 26.2;
				MARKETING_VERSION = 1.0;
				PRODUCT_BUNDLE_IDENTIFIER = "com.kurukuru-obake.kurukuru-obake-v3Tests";
				PRODUCT_NAME = "$(TARGET_NAME)";
				STRING_CATALOG_GENERATE_SYMBOLS = NO;
				SWIFT_APPROACHABLE_CONCURRENCY = YES;
				SWIFT_EMIT_LOC_STRINGS = NO;
				SWIFT_UPCOMING_FEATURE_MEMBER_IMPORT_VISIBILITY = YES;
				SWIFT_VERSION = 5.0;
				TARGETED_DEVICE_FAMILY = "1,2";
				TEST_HOST = "$(BUILT_PRODUCTS_DIR)/kurukuru-obake_v3.app/$(BUNDLE_EXECUTABLE_FOLDER_PATH)/kurukuru-obake_v3";
			};
			name = Release;
		};
		494376F22FF38E8900EB832E /* Debug */ = {
			isa = XCBuildConfiguration;
			buildSettings = {
				CODE_SIGN_STYLE = Automatic;
				CURRENT_PROJECT_VERSION = 1;
				DEVELOPMENT_TEAM = 8FWHP6C345;
				GENERATE_INFOPLIST_FILE = YES;
				MARKETING_VERSION = 1.0;
				PRODUCT_BUNDLE_IDENTIFIER = "com.kurukuru-obake.kurukuru-obake-v3UITests";
				PRODUCT_NAME = "$(TARGET_NAME)";
				STRING_CATALOG_GENERATE_SYMBOLS = NO;
				SWIFT_APPROACHABLE_CONCURRENCY = YES;
				SWIFT_EMIT_LOC_STRINGS = NO;
				SWIFT_UPCOMING_FEATURE_MEMBER_IMPORT_VISIBILITY = YES;
				SWIFT_VERSION = 5.0;
				TARGETED_DEVICE_FAMILY = "1,2";
				TEST_TARGET_NAME = "kurukuru-obake_v3";
			};
			name = Debug;
		};
		494376F32FF38E8900EB832E /* Release */ = {
			isa = XCBuildConfiguration;
			buildSettings = {
				CODE_SIGN_STYLE = Automatic;
				CURRENT_PROJECT_VERSION = 1;
				DEVELOPMENT_TEAM = 8FWHP6C345;
				GENERATE_INFOPLIST_FILE = YES;
				MARKETING_VERSION = 1.0;
				PRODUCT_BUNDLE_IDENTIFIER = "com.kurukuru-obake.kurukuru-obake-v3UITests";
				PRODUCT_NAME = "$(TARGET_NAME)";
				STRING_CATALOG_GENERATE_SYMBOLS = NO;
				SWIFT_APPROACHABLE_CONCURRENCY = YES;
				SWIFT_EMIT_LOC_STRINGS = NO;
				SWIFT_UPCOMING_FEATURE_MEMBER_IMPORT_VISIBILITY = YES;
				SWIFT_VERSION = 5.0;
				TARGETED_DEVICE_FAMILY = "1,2";
				TEST_TARGET_NAME = "kurukuru-obake_v3";
			};
			name = Release;
		};
/* End XCBuildConfiguration section */

/* Begin XCConfigurationList section */
		494376C52FF38E8600EB832E /* Build configuration list for PBXProject "kurukuru-obake_v3" */ = {
			isa = XCConfigurationList;
			buildConfigurations = (
				494376E92FF38E8900EB832E /* Debug */,
				494376EA2FF38E8900EB832E /* Release */,
			);
			defaultConfigurationIsVisible = 0;
			defaultConfigurationName = Release;
		};
		494376EB2FF38E8900EB832E /* Build configuration list for PBXNativeTarget "kurukuru-obake_v3" */ = {
			isa = XCConfigurationList;
			buildConfigurations = (
				494376EC2FF38E8900EB832E /* Debug */,
				494376ED2FF38E8900EB832E /* Release */,
			);
			defaultConfigurationIsVisible = 0;
			defaultConfigurationName = Release;
		};
		494376EE2FF38E8900EB832E /* Build configuration list for PBXNativeTarget "kurukuru-obake_v3Tests" */ = {
			isa = XCConfigurationList;
			buildConfigurations = (
				494376EF2FF38E8900EB832E /* Debug */,
				494376F02FF38E8900EB832E /* Release */,
			);
			defaultConfigurationIsVisible = 0;
			defaultConfigurationName = Release;
		};
		494376F12FF38E8900EB832E /* Build configuration list for PBXNativeTarget "kurukuru-obake_v3UITests" */ = {
			isa = XCConfigurationList;
			buildConfigurations = (
				494376F22FF38E8900EB832E /* Debug */,
				494376F32FF38E8900EB832E /* Release */,
			);
			defaultConfigurationIsVisible = 0;
			defaultConfigurationName = Release;
		};
/* End XCConfigurationList section */
	};
	rootObject = 494376C22FF38E8600EB832E /* Project object */;
}
